
Microsoft Visual Studio Solution File, Format Version 12.00
# Visual Studio Version 17
VisualStudioVersion = 17.14.36930.0
MinimumVisualStudioVersion = 10.0.40219.1
Project("{FAE04EC0-301F-11D3-BF4B-00C04F79EFBC}") = "CPresentacion", "CPresentacion\CPresentacion.csproj", "{7A489A2A-1EB2-4AE6-849E-74D9A87AE0D3}"
EndProject
Project("{FAE04EC0-301F-11D3-BF4B-00C04F79EFBC}") = "CNegocio", "CNegocio\CNegocio.csproj", "{D6046C94-0713-4A88-A7ED-A777A4EDDBC2}"
EndProject
Project("{FAE04EC0-301F-11D3-BF4B-00C04F79EFBC}") = "CEntidades", "CEntidades\CEntidades.csproj", "{AF51B161-86A8-4639-B77D-4D0181750918}"
EndProject
Project("{FAE04EC0-301F-11D3-BF4B-00C04F79EFBC}") = "CDatos", "CDatos\CDatos.csproj", "{4E164D7B-F1E9-4BDC-B71C-D5B1A5545F84}"
EndProject
Project("{FAE04EC0-301F-11D3-BF4B-00C04F79EFBC}") = "CInfraestructura", "CInfraestructura\CInfraestructura.csproj", "{CEE41EC9-7C6E-4100-BFD6-D94FC9726D9B}"
EndProject
Global
	GlobalSection(SolutionConfigurationPlatforms) = preSolution
		Debug|Any CPU = Debug|Any CPU
		Release|Any CPU = Release|Any CPU
	EndGlobalSection
	GlobalSection(ProjectConfigurationPlatforms) = postSolution
		{7A489A2A-1EB2-4AE6-849E-74D9A87AE0D3}.Debug|Any CPU.ActiveCfg = Debug|Any CPU
		{7A489A2A-1EB2-4AE6-849E-74D9A87AE0D3}.Debug|Any CPU.Build.0 = Debug|Any CPU
		{7A489A2A-1EB2-4AE6-849E-74D9A87AE0D3}.Release|Any CPU.ActiveCfg = Release|Any CPU
		{7A489A2A-1EB2-4AE6-849E-74D9A87AE0D3}.Release|Any CPU.Build.0 = Release|Any CPU
		{D6046C94-0713-4A88-A7ED-A777A4EDDBC2}.Debug|Any CPU.ActiveCfg = Debug|Any CPU
		{D6046C94-0713-4A88-A7ED-A777A4EDDBC2}.Debug|Any CPU.Build.0 = Debug|Any CPU
		{D6046C94-0713-4A88-A7ED-A777A4EDDBC2}.Release|Any CPU.ActiveCfg = Release|Any CPU
		{D6046C94-0713-4A88-A7ED-A777A4EDDBC2}.Release|Any CPU.Build.0 = Release|Any CPU
		{AF51B161-86A8-4639-B77D-4D0181750918}.Debug|Any CPU.ActiveCfg = Debug|Any CPU
		{AF51B161-86A8-4639-B77D-4D0181750918}.Debug|Any CPU.Build.0 = Debug|Any CPU
		{AF51B161-86A8-4639-B77D-4D0181750918}.Release|Any CPU.ActiveCfg = Release|Any CPU
		{AF51B161-86A8-4639-B77D-4D0181750918}.Release|Any CPU.Build.0 = Release|Any CPU
		{4E164D7B-F1E9-4BDC-B71C-D5B1A5545F84}.Debug|Any CPU.ActiveCfg = Debug|Any CPU
		{4E164D7B-F1E9-4BDC-B71C-D5B1A5545F84}.Debug|Any CPU.Build.0 = Debug|Any CPU
		{4E164D7B-F1E9-4BDC-B71C-D5B1A5545F84}.Release|Any CPU.ActiveCfg = Release|Any CPU
		{4E164D7B-F1E9-4BDC-B71C-D5B1A5545F84}.Release|Any CPU.Build.0 = Release|Any CPU
		{CEE41EC9-7C6E-4100-BFD6-D94FC9726D9B}.Debug|Any CPU.ActiveCfg = Debug|Any CPU
		{CEE41EC9-7C6E-4100-BFD6-D94FC9726D9B}.Debug|Any CPU.Build.0 = Debug|Any CPU
		{CEE41EC9-7C6E-4100-BFD6-D94FC9726D9B}.Release|Any CPU.ActiveCfg = Release|Any CPU
		{CEE41EC9-7C6E-4100-BFD6-D94FC9726D9B}.Release|Any CPU.Build.0 = Release|Any CPU
	EndGlobalSection
	GlobalSection(SolutionProperties) = preSolution
		HideSolutionNode = FALSE
	EndGlobalSection
	GlobalSection(ExtensibilityGlobals) = postSolution
		SolutionGuid = {3E74F2FA-4596-4918-B499-BBCB6406480E}
	EndGlobalSection
EndGlobal
